# Generated by buf. DO NOT EDIT.
version: v1
deps:
  - remote: buf.build
    owner: depot
    repository: api
    commit: d9787d1716d84b7c9328732ac89b997e
    digest: shake256:e7ab026c94db437ac5474756d3ac7bce9d7c8f5680039aae9d95b9a4b0ed68873841be150f396e8894fffec19ebadda9d0ccd6898b6f0fbf6febebb7017f4f06
  - remote: buf.build
    owner: depot
    repository: buildkit
    commit: e9588edecd7c4e56b68d0ea0e1d1badc
    digest: shake256:7bbfb36878b80f60a01057ea3d1e70b28e6c4d3501cab9e8320abfdb7b3a03e07e0c327e74f67324dc7d1fdc1ec9374d8055a54dd573d3bd255bdb2a53d5c8a2
  - remote: buf.build
    owner: gogo
    repository: protobuf
    commit: 5461a3dfa9d941da82028ab185dc2a0e
    digest: shake256:37c7c75224982038cb1abf45b481ef06716c1f806ffaa162018d0df092bd11a2a9b62c2d0dc0a2ae43beff86b6014fc0eb8c594ffd84d52ade4b08fca901eadc
  - remote: buf.build
    owner: googleapis
    repository: googleapis
    commit: 711e289f6a384c4caeebaff7c6931ade
    digest: shake256:e08fb55dad7469f69df00304eed31427d2d1576e9aab31e6bf86642688e04caaf0372f15fe6974cf79432779a635b3ea401ca69c943976dc42749524e4c25d94
